// !$*UTF8*$!
{
	archiveVersion = 1;
	classes = {
	};
	objectVersion = 51;
	objects = {

/* Begin PBXBuildFile section */
		CB0E1BAA9796EF5733B14DE6 /* Pods_TechnoParkProject.framework in Frameworks */ = {isa = PBXBuildFile; fileRef = 3356C5C79D5F62CF627720E8 /* Pods_TechnoParkProject.framework */; settings = {ATTRIBUTES = (Required, ); }; };
		CF9F4B8ABF0AEE699824F26D /* Pods_TechnoParkProjectTests.framework in Frameworks */ = {isa = PBXBuildFile; fileRef = C4C311B5F971D85122D08E9F /* Pods_TechnoParkProjectTests.framework */; };
		DF6CC20AEEAB75C1BD7FB290 /* Pods_TechnoParkProject_TechnoParkProjectUITests.framework in Frameworks */ = {isa = PBXBuildFile; fileRef = EA11694178A0EA5861A91D2B /* Pods_TechnoParkProject_TechnoParkProjectUITests.framework */; };
		E01D98AE240D79D200ED7212 /* AppDelegate.swift in Sources */ = {isa = PBXBuildFile; fileRef = E01D98AD240D79D200ED7212 /* AppDelegate.swift */; };
		E01D98B0240D79D200ED7212 /* SceneDelegate.swift in Sources */ = {isa = PBXBuildFile; fileRef = E01D98AF240D79D200ED7212 /* SceneDelegate.swift */; };
		E01D98B2240D79D200ED7212 /* ViewController.swift in Sources */ = {isa = PBXBuildFile; fileRef = E01D98B1240D79D200ED7212 /* ViewController.swift */; };
		E01D98B5240D79D200ED7212 /* Main.storyboard in Resources */ = {isa = PBXBuildFile; fileRef = E01D98B3240D79D200ED7212 /* Main.storyboard */; };
		E01D98B7240D79D300ED7212 /* Assets.xcassets in Resources */ = {isa = PBXBuildFile; fileRef = E01D98B6240D79D300ED7212 /* Assets.xcassets */; };
		E01D98BA240D79D300ED7212 /* LaunchScreen.storyboard in Resources */ = {isa = PBXBuildFile; fileRef = E01D98B8240D79D300ED7212 /* LaunchScreen.storyboard */; };
		E01D98C5240D79D300ED7212 /* TechnoParkProjectTests.swift in Sources */ = {isa = PBXBuildFile; fileRef = E01D98C4240D79D300ED7212 /* TechnoParkProjectTests.swift */; };
		E01D98D0240D79D300ED7212 /* TechnoParkProjectUITests.swift in Sources */ = {isa = PBXBuildFile; fileRef = E01D98CF240D79D300ED7212 /* TechnoParkProjectUITests.swift */; };
		E05B7334241A0DCD0056609D /* GoogleService-Info.plist in Resources */ = {isa = PBXBuildFile; fileRef = E05B7333241A0DCD0056609D /* GoogleService-Info.plist */; };
		E069CF64241301D50044978C /* SignupAndLoginButtonStyle.swift in Sources */ = {isa = PBXBuildFile; fileRef = E069CF63241301D50044978C /* SignupAndLoginButtonStyle.swift */; };
		E084B5152414342D00FCA66A /* MainScreenViewController.swift in Sources */ = {isa = PBXBuildFile; fileRef = E084B5142414342D00FCA66A /* MainScreenViewController.swift */; };
		E084B5172414345100FCA66A /* FavouriteViewController.swift in Sources */ = {isa = PBXBuildFile; fileRef = E084B5162414345100FCA66A /* FavouriteViewController.swift */; };
		E084B5192414346900FCA66A /* HistoryViewController.swift in Sources */ = {isa = PBXBuildFile; fileRef = E084B5182414346900FCA66A /* HistoryViewController.swift */; };
		E09106A02412FF2200DC455B /* personalPageViewController.swift in Sources */ = {isa = PBXBuildFile; fileRef = E091069F2412FF2200DC455B /* personalPageViewController.swift */; };
		E09106A22412FFA400DC455B /* styleForTextFields.swift in Sources */ = {isa = PBXBuildFile; fileRef = E09106A12412FFA400DC455B /* styleForTextFields.swift */; };
		E0DB4FCD2412B73200343CD7 /* EnterButtonStyle.swift in Sources */ = {isa = PBXBuildFile; fileRef = E0DB4FCC2412B73200343CD7 /* EnterButtonStyle.swift */; };
		E0DB4FCF2412B8CD00343CD7 /* SignUpViewController.swift in Sources */ = {isa = PBXBuildFile; fileRef = E0DB4FCE2412B8CD00343CD7 /* SignUpViewController.swift */; };
		E0DB4FD22412B8ED00343CD7 /* LogInViewController.swift in Sources */ = {isa = PBXBuildFile; fileRef = E0DB4FD12412B8ED00343CD7 /* LogInViewController.swift */; };
/* End PBXBuildFile section */

/* Begin PBXContainerItemProxy section */
		E01D98C1240D79D300ED7212 /* PBXContainerItemProxy */ = {
			isa = PBXContainerItemProxy;
			containerPortal = E01D98A2240D79D200ED7212 /* Project object */;
			proxyType = 1;
			remoteGlobalIDString = E01D98A9240D79D200ED7212;
			remoteInfo = TechnoParkProject;
		};
		E01D98CC240D79D300ED7212 /* PBXContainerItemProxy */ = {
			isa = PBXContainerItemProxy;
			containerPortal = E01D98A2240D79D200ED7212 /* Project object */;
			proxyType = 1;
			remoteGlobalIDString = E01D98A9240D79D200ED7212;
			remoteInfo = TechnoParkProject;
		};
/* End PBXContainerItemProxy section */

/* Begin PBXCopyFilesBuildPhase section */
		E0D75FDC2412C21C000356FF /* Embed Frameworks */ = {
			isa = PBXCopyFilesBuildPhase;
			buildActionMask = 2147483647;
			dstPath = "";
			dstSubfolderSpec = 10;
			files = (
			);
			name = "Embed Frameworks";
			runOnlyForDeploymentPostprocessing = 0;
		};
/* End PBXCopyFilesBuildPhase section */

/* Begin PBXFileReference section */
		145B41D0BEE7D74773AF8055 /* Pods-TechnoParkProjectTests.debug.xcconfig */ = {isa = PBXFileReference; includeInIndex = 1; lastKnownFileType = text.xcconfig; name = "Pods-TechnoParkProjectTests.debug.xcconfig"; path = "Target Support Files/Pods-TechnoParkProjectTests/Pods-TechnoParkProjectTests.debug.xcconfig"; sourceTree = "<group>"; };
		1B9F13E1B47C740D43123515 /* Pods-TechnoParkProject-TechnoParkProjectUITests.release.xcconfig */ = {isa = PBXFileReference; includeInIndex = 1; lastKnownFileType = text.xcconfig; name = "Pods-TechnoParkProject-TechnoParkProjectUITests.release.xcconfig"; path = "Target Support Files/Pods-TechnoParkProject-TechnoParkProjectUITests/Pods-TechnoParkProject-TechnoParkProjectUITests.release.xcconfig"; sourceTree = "<group>"; };
		3356C5C79D5F62CF627720E8 /* Pods_TechnoParkProject.framework */ = {isa = PBXFileReference; explicitFileType = wrapper.framework; includeInIndex = 0; path = Pods_TechnoParkProject.framework; sourceTree = BUILT_PRODUCTS_DIR; };
		3E39A513F333BD952B8CC740 /* Pods-TechnoParkProject.debug.xcconfig */ = {isa = PBXFileReference; includeInIndex = 1; lastKnownFileType = text.xcconfig; name = "Pods-TechnoParkProject.debug.xcconfig"; path = "Target Support Files/Pods-TechnoParkProject/Pods-TechnoParkProject.debug.xcconfig"; sourceTree = "<group>"; };
		59E7C5547E44902F4102C838 /* Pods-TechnoParkProject.release.xcconfig */ = {isa = PBXFileReference; includeInIndex = 1; lastKnownFileType = text.xcconfig; name = "Pods-TechnoParkProject.release.xcconfig"; path = "Target Support Files/Pods-TechnoParkProject/Pods-TechnoParkProject.release.xcconfig"; sourceTree = "<group>"; };
		A9FD7CFC0DFAEC1FB56CAA70 /* Pods-TechnoParkProject-TechnoParkProjectUITests.debug.xcconfig */ = {isa = PBXFileReference; includeInIndex = 1; lastKnownFileType = text.xcconfig; name = "Pods-TechnoParkProject-TechnoParkProjectUITests.debug.xcconfig"; path = "Target Support Files/Pods-TechnoParkProject-TechnoParkProjectUITests/Pods-TechnoParkProject-TechnoParkProjectUITests.debug.xcconfig"; sourceTree = "<group>"; };
		C4C311B5F971D85122D08E9F /* Pods_TechnoParkProjectTests.framework */ = {isa = PBXFileReference; explicitFileType = wrapper.framework; includeInIndex = 0; path = Pods_TechnoParkProjectTests.framework; sourceTree = BUILT_PRODUCTS_DIR; };
		C75978FDF8D983A018DE5013 /* Pods-TechnoParkProjectTests.release.xcconfig */ = {isa = PBXFileReference; includeInIndex = 1; lastKnownFileType = text.xcconfig; name = "Pods-TechnoParkProjectTests.release.xcconfig"; path = "Target Support Files/Pods-TechnoParkProjectTests/Pods-TechnoParkProjectTests.release.xcconfig"; sourceTree = "<group>"; };
		E01D98AA240D79D200ED7212 /* TechnoParkProject.app */ = {isa = PBXFileReference; explicitFileType = wrapper.application; includeInIndex = 0; path = TechnoParkProject.app; sourceTree = BUILT_PRODUCTS_DIR; };
		E01D98AD240D79D200ED7212 /* AppDelegate.swift */ = {isa = PBXFileReference; lastKnownFileType = sourcecode.swift; path = AppDelegate.swift; sourceTree = "<group>"; };
		E01D98AF240D79D200ED7212 /* SceneDelegate.swift */ = {isa = PBXFileReference; lastKnownFileType = sourcecode.swift; path = SceneDelegate.swift; sourceTree = "<group>"; };
		E01D98B1240D79D200ED7212 /* ViewController.swift */ = {isa = PBXFileReference; lastKnownFileType = sourcecode.swift; path = ViewController.swift; sourceTree = "<group>"; };
		E01D98B4240D79D200ED7212 /* Base */ = {isa = PBXFileReference; lastKnownFileType = file.storyboard; name = Base; path = Base.lproj/Main.storyboard; sourceTree = "<group>"; };
		E01D98B6240D79D300ED7212 /* Assets.xcassets */ = {isa = PBXFileReference; lastKnownFileType = folder.assetcatalog; path = Assets.xcassets; sourceTree = "<group>"; };
		E01D98B9240D79D300ED7212 /* Base */ = {isa = PBXFileReference; lastKnownFileType = file.storyboard; name = Base; path = Base.lproj/LaunchScreen.storyboard; sourceTree = "<group>"; };
		E01D98BB240D79D300ED7212 /* Info.plist */ = {isa = PBXFileReference; lastKnownFileType = text.plist.xml; path = Info.plist; sourceTree = "<group>"; };
		E01D98C0240D79D300ED7212 /* TechnoParkProjectTests.xctest */ = {isa = PBXFileReference; explicitFileType = wrapper.cfbundle; includeInIndex = 0; path = TechnoParkProjectTests.xctest; sourceTree = BUILT_PRODUCTS_DIR; };
		E01D98C4240D79D300ED7212 /* TechnoParkProjectTests.swift */ = {isa = PBXFileReference; lastKnownFileType = sourcecode.swift; path = TechnoParkProjectTests.swift; sourceTree = "<group>"; };
		E01D98C6240D79D300ED7212 /* Info.plist */ = {isa = PBXFileReference; lastKnownFileType = text.plist.xml; path = Info.plist; sourceTree = "<group>"; };
		E01D98CB240D79D300ED7212 /* TechnoParkProjectUITests.xctest */ = {isa = PBXFileReference; explicitFileType = wrapper.cfbundle; includeInIndex = 0; path = TechnoParkProjectUITests.xctest; sourceTree = BUILT_PRODUCTS_DIR; };
		E01D98CF240D79D300ED7212 /* TechnoParkProjectUITests.swift */ = {isa = PBXFileReference; lastKnownFileType = sourcecode.swift; path = TechnoParkProjectUITests.swift; sourceTree = "<group>"; };
		E01D98D1240D79D300ED7212 /* Info.plist */ = {isa = PBXFileReference; lastKnownFileType = text.plist.xml; path = Info.plist; sourceTree = "<group>"; };
		E05B7333241A0DCD0056609D /* GoogleService-Info.plist */ = {isa = PBXFileReference; fileEncoding = 4; lastKnownFileType = text.plist.xml; path = "GoogleService-Info.plist"; sourceTree = SOURCE_ROOT; };
		E069CF63241301D50044978C /* SignupAndLoginButtonStyle.swift */ = {isa = PBXFileReference; lastKnownFileType = sourcecode.swift; path = SignupAndLoginButtonStyle.swift; sourceTree = "<group>"; };
		E084B5142414342D00FCA66A /* MainScreenViewController.swift */ = {isa = PBXFileReference; lastKnownFileType = sourcecode.swift; path = MainScreenViewController.swift; sourceTree = "<group>"; };
		E084B5162414345100FCA66A /* FavouriteViewController.swift */ = {isa = PBXFileReference; lastKnownFileType = sourcecode.swift; path = FavouriteViewController.swift; sourceTree = "<group>"; };
		E084B5182414346900FCA66A /* HistoryViewController.swift */ = {isa = PBXFileReference; lastKnownFileType = sourcecode.swift; path = HistoryViewController.swift; sourceTree = "<group>"; };
		E091069F2412FF2200DC455B /* personalPageViewController.swift */ = {isa = PBXFileReference; lastKnownFileType = sourcecode.swift; path = personalPageViewController.swift; sourceTree = "<group>"; };
		E09106A12412FFA400DC455B /* styleForTextFields.swift */ = {isa = PBXFileReference; lastKnownFileType = sourcecode.swift; path = styleForTextFields.swift; sourceTree = "<group>"; };
		E0D75FD92412C21C000356FF /* GTMSessionFetcher.framework */ = {isa = PBXFileReference; explicitFileType = wrapper.framework; path = GTMSessionFetcher.framework; sourceTree = BUILT_PRODUCTS_DIR; };
		E0DB4FCC2412B73200343CD7 /* EnterButtonStyle.swift */ = {isa = PBXFileReference; lastKnownFileType = sourcecode.swift; path = EnterButtonStyle.swift; sourceTree = "<group>"; };
		E0DB4FCE2412B8CD00343CD7 /* SignUpViewController.swift */ = {isa = PBXFileReference; lastKnownFileType = sourcecode.swift; path = SignUpViewController.swift; sourceTree = "<group>"; };
		E0DB4FD12412B8ED00343CD7 /* LogInViewController.swift */ = {isa = PBXFileReference; lastKnownFileType = sourcecode.swift; path = LogInViewController.swift; sourceTree = "<group>"; };
		EA11694178A0EA5861A91D2B /* Pods_TechnoParkProject_TechnoParkProjectUITests.framework */ = {isa = PBXFileReference; explicitFileType = wrapper.framework; includeInIndex = 0; path = Pods_TechnoParkProject_TechnoParkProjectUITests.framework; sourceTree = BUILT_PRODUCTS_DIR; };
/* End PBXFileReference section */

/* Begin PBXFrameworksBuildPhase section */
		E01D98A7240D79D200ED7212 /* Frameworks */ = {
			isa = PBXFrameworksBuildPhase;
			buildActionMask = 2147483647;
			files = (
				CB0E1BAA9796EF5733B14DE6 /* Pods_TechnoParkProject.framework in Frameworks */,
			);
			runOnlyForDeploymentPostprocessing = 0;
		};
		E01D98BD240D79D300ED7212 /* Frameworks */ = {
			isa = PBXFrameworksBuildPhase;
			buildActionMask = 2147483647;
			files = (
				CF9F4B8ABF0AEE699824F26D /* Pods_TechnoParkProjectTests.framework in Frameworks */,
			);
			runOnlyForDeploymentPostprocessing = 0;
		};
		E01D98C8240D79D300ED7212 /* Frameworks */ = {
			isa = PBXFrameworksBuildPhase;
			buildActionMask = 2147483647;
			files = (
				DF6CC20AEEAB75C1BD7FB290 /* Pods_TechnoParkProject_TechnoParkProjectUITests.framework in Frameworks */,
			);
			runOnlyForDeploymentPostprocessing = 0;
		};
/* End PBXFrameworksBuildPhase section */

/* Begin PBXGroup section */
		CE6682019A801B0A6EF13086 /* Frameworks */ = {
			isa = PBXGroup;
			children = (
				E0D75FD92412C21C000356FF /* GTMSessionFetcher.framework */,
				3356C5C79D5F62CF627720E8 /* Pods_TechnoParkProject.framework */,
				EA11694178A0EA5861A91D2B /* Pods_TechnoParkProject_TechnoParkProjectUITests.framework */,
				C4C311B5F971D85122D08E9F /* Pods_TechnoParkProjectTests.framework */,
			);
			name = Frameworks;
			sourceTree = "<group>";
		};
		E01D98A1240D79D200ED7212 = {
			isa = PBXGroup;
			children = (
				E05B7333241A0DCD0056609D /* GoogleService-Info.plist */,
				E01D98AC240D79D200ED7212 /* TechnoParkProject */,
				E01D98C3240D79D300ED7212 /* TechnoParkProjectTests */,
				E01D98CE240D79D300ED7212 /* TechnoParkProjectUITests */,
				E01D98AB240D79D200ED7212 /* Products */,
				F0596340F42CEB3485D4D841 /* Pods */,
				CE6682019A801B0A6EF13086 /* Frameworks */,
			);
			sourceTree = "<group>";
		};
		E01D98AB240D79D200ED7212 /* Products */ = {
			isa = PBXGroup;
			children = (
				E01D98AA240D79D200ED7212 /* TechnoParkProject.app */,
				E01D98C0240D79D300ED7212 /* TechnoParkProjectTests.xctest */,
				E01D98CB240D79D300ED7212 /* TechnoParkProjectUITests.xctest */,
			);
			name = Products;
			sourceTree = "<group>";
		};
		E01D98AC240D79D200ED7212 /* TechnoParkProject */ = {
			isa = PBXGroup;
			children = (
				E01D98AD240D79D200ED7212 /* AppDelegate.swift */,
				E01D98AF240D79D200ED7212 /* SceneDelegate.swift */,
				E01D98B3240D79D200ED7212 /* Main.storyboard */,
				E09106A32412FFA800DC455B /* style for elements */,
				E0DB4FD02412B8D400343CD7 /* View Controllers */,
				E01D98B6240D79D300ED7212 /* Assets.xcassets */,
				E01D98B8240D79D300ED7212 /* LaunchScreen.storyboard */,
				E01D98BB240D79D300ED7212 /* Info.plist */,
			);
			path = TechnoParkProject;
			sourceTree = "<group>";
		};
		E01D98C3240D79D300ED7212 /* TechnoParkProjectTests */ = {
			isa = PBXGroup;
			children = (
				E01D98C4240D79D300ED7212 /* TechnoParkProjectTests.swift */,
				E01D98C6240D79D300ED7212 /* Info.plist */,
			);
			path = TechnoParkProjectTests;
			sourceTree = "<group>";
		};
		E01D98CE240D79D300ED7212 /* TechnoParkProjectUITests */ = {
			isa = PBXGroup;
			children = (
				E01D98CF240D79D300ED7212 /* TechnoParkProjectUITests.swift */,
				E01D98D1240D79D300ED7212 /* Info.plist */,
			);
			path = TechnoParkProjectUITests;
			sourceTree = "<group>";
		};
		E09106A32412FFA800DC455B /* style for elements */ = {
			isa = PBXGroup;
			children = (
				E09106A12412FFA400DC455B /* styleForTextFields.swift */,
				E0DB4FCC2412B73200343CD7 /* EnterButtonStyle.swift */,
				E069CF63241301D50044978C /* SignupAndLoginButtonStyle.swift */,
			);
			path = "style for elements";
			sourceTree = "<group>";
		};
		E0DB4FD02412B8D400343CD7 /* View Controllers */ = {
			isa = PBXGroup;
			children = (
				E084B5182414346900FCA66A /* HistoryViewController.swift */,
				E084B5162414345100FCA66A /* FavouriteViewController.swift */,
				E084B5142414342D00FCA66A /* MainScreenViewController.swift */,
				E091069F2412FF2200DC455B /* personalPageViewController.swift */,
				E01D98B1240D79D200ED7212 /* ViewController.swift */,
				E0DB4FCE2412B8CD00343CD7 /* SignUpViewController.swift */,
				E0DB4FD12412B8ED00343CD7 /* LogInViewController.swift */,
			);
			path = "View Controllers";
			sourceTree = "<group>";
		};
		F0596340F42CEB3485D4D841 /* Pods */ = {
			isa = PBXGroup;
			children = (
				3E39A513F333BD952B8CC740 /* Pods-TechnoParkProject.debug.xcconfig */,
				59E7C5547E44902F4102C838 /* Pods-TechnoParkProject.release.xcconfig */,
				A9FD7CFC0DFAEC1FB56CAA70 /* Pods-TechnoParkProject-TechnoParkProjectUITests.debug.xcconfig */,
				1B9F13E1B47C740D43123515 /* Pods-TechnoParkProject-TechnoParkProjectUITests.release.xcconfig */,
				145B41D0BEE7D74773AF8055 /* Pods-TechnoParkProjectTests.debug.xcconfig */,
				C75978FDF8D983A018DE5013 /* Pods-TechnoParkProjectTests.release.xcconfig */,
			);
			path = Pods;
			sourceTree = "<group>";
		};
/* End PBXGroup section */

/* Begin PBXNativeTarget section */
		E01D98A9240D79D200ED7212 /* TechnoParkProject */ = {
			isa = PBXNativeTarget;
			buildConfigurationList = E01D98D4240D79D300ED7212 /* Build configuration list for PBXNativeTarget "TechnoParkProject" */;
			buildPhases = (
				A9652EB84955B61489889BD4 /* [CP] Check Pods Manifest.lock */,
				E01D98A6240D79D200ED7212 /* Sources */,
				E01D98A7240D79D200ED7212 /* Frameworks */,
				E01D98A8240D79D200ED7212 /* Resources */,
				A551AC3A39F46E1E3F9E4C8C /* [CP] Embed Pods Frameworks */,
				E0D75FDC2412C21C000356FF /* Embed Frameworks */,
			);
			buildRules = (
			);
			dependencies = (
			);
			name = TechnoParkProject;
			productName = TechnoParkProject;
			productReference = E01D98AA240D79D200ED7212 /* TechnoParkProject.app */;
			productType = "com.apple.product-type.application";
		};
		E01D98BF240D79D300ED7212 /* TechnoParkProjectTests */ = {
			isa = PBXNativeTarget;
			buildConfigurationList = E01D98D7240D79D300ED7212 /* Build configuration list for PBXNativeTarget "TechnoParkProjectTests" */;
			buildPhases = (
				5A00DDD8CCED3C207CD93C30 /* [CP] Check Pods Manifest.lock */,
				E01D98BC240D79D300ED7212 /* Sources */,
				E01D98BD240D79D300ED7212 /* Frameworks */,
				E01D98BE240D79D300ED7212 /* Resources */,
			);
			buildRules = (
			);
			dependencies = (
				E01D98C2240D79D300ED7212 /* PBXTargetDependency */,
			);
			name = TechnoParkProjectTests;
			productName = TechnoParkProjectTests;
			productReference = E01D98C0240D79D300ED7212 /* TechnoParkProjectTests.xctest */;
			productType = "com.apple.product-type.bundle.unit-test";
		};
		E01D98CA240D79D300ED7212 /* TechnoParkProjectUITests */ = {
			isa = PBXNativeTarget;
			buildConfigurationList = E01D98DA240D79D300ED7212 /* Build configuration list for PBXNativeTarget "TechnoParkProjectUITests" */;
			buildPhases = (
				AFB4AA42B54112270268A984 /* [CP] Check Pods Manifest.lock */,
				E01D98C7240D79D300ED7212 /* Sources */,
				E01D98C8240D79D300ED7212 /* Frameworks */,
				E01D98C9240D79D300ED7212 /* Resources */,
				45CB72D28977DCC8B57EB326 /* [CP] Embed Pods Frameworks */,
			);
			buildRules = (
			);
			dependencies = (
				E01D98CD240D79D300ED7212 /* PBXTargetDependency */,
			);
			name = TechnoParkProjectUITests;
			productName = TechnoParkProjectUITests;
			productReference = E01D98CB240D79D300ED7212 /* TechnoParkProjectUITests.xctest */;
			productType = "com.apple.product-type.bundle.ui-testing";
		};
/* End PBXNativeTarget section */

/* Begin PBXProject section */
		E01D98A2240D79D200ED7212 /* Project object */ = {
			isa = PBXProject;
			attributes = {
				LastSwiftUpdateCheck = 1130;
				LastUpgradeCheck = 1130;
				ORGANIZATIONNAME = "Роман Ковайкин";
				TargetAttributes = {
					E01D98A9240D79D200ED7212 = {
						CreatedOnToolsVersion = 11.3.1;
					};
					E01D98BF240D79D300ED7212 = {
						CreatedOnToolsVersion = 11.3.1;
						TestTargetID = E01D98A9240D79D200ED7212;
					};
					E01D98CA240D79D300ED7212 = {
						CreatedOnToolsVersion = 11.3.1;
						TestTargetID = E01D98A9240D79D200ED7212;
					};
				};
			};
			buildConfigurationList = E01D98A5240D79D200ED7212 /* Build configuration list for PBXProject "TechnoParkProject" */;
			compatibilityVersion = "Xcode 9.3";
			developmentRegion = en;
			hasScannedForEncodings = 0;
			knownRegions = (
				en,
				Base,
			);
			mainGroup = E01D98A1240D79D200ED7212;
			productRefGroup = E01D98AB240D79D200ED7212 /* Products */;
			projectDirPath = "";
			projectRoot = "";
			targets = (
				E01D98A9240D79D200ED7212 /* TechnoParkProject */,
				E01D98BF240D79D300ED7212 /* TechnoParkProjectTests */,
				E01D98CA240D79D300ED7212 /* TechnoParkProjectUITests */,
			);
		};
/* End PBXProject section */

/* Begin PBXResourcesBuildPhase section */
		E01D98A8240D79D200ED7212 /* Resources */ = {
			isa = PBXResourcesBuildPhase;
			buildActionMask = 2147483647;
			files = (
				E01D98BA240D79D300ED7212 /* LaunchScreen.storyboard in Resources */,
				E05B7334241A0DCD0056609D /* GoogleService-Info.plist in Resources */,
				E01D98B7240D79D300ED7212 /* Assets.xcassets in Resources */,
				E01D98B5240D79D200ED7212 /* Main.storyboard in Resources */,
			);
			runOnlyForDeploymentPostprocessing = 0;
		};
		E01D98BE240D79D300ED7212 /* Resources */ = {
			isa = PBXResourcesBuildPhase;
			buildActionMask = 2147483647;
			files = (
			);
			runOnlyForDeploymentPostprocessing = 0;
		};
		E01D98C9240D79D300ED7212 /* Resources */ = {
			isa = PBXResourcesBuildPhase;
			buildActionMask = 2147483647;
			files = (
			);
			runOnlyForDeploymentPostprocessing = 0;
		};
/* End PBXResourcesBuildPhase section */

/* Begin PBXShellScriptBuildPhase section */
		45CB72D28977DCC8B57EB326 /* [CP] Embed Pods Frameworks */ = {
			isa = PBXShellScriptBuildPhase;
			buildActionMask = 2147483647;
			files = (
			);
			inputFileListPaths = (
				"${PODS_ROOT}/Target Support Files/Pods-TechnoParkProject-TechnoParkProjectUITests/Pods-TechnoParkProject-TechnoParkProjectUITests-frameworks-${CONFIGURATION}-input-files.xcfilelist",
			);
			name = "[CP] Embed Pods Frameworks";
			outputFileListPaths = (
				"${PODS_ROOT}/Target Support Files/Pods-TechnoParkProject-TechnoParkProjectUITests/Pods-TechnoParkProject-TechnoParkProjectUITests-frameworks-${CONFIGURATION}-output-files.xcfilelist",
			);
			runOnlyForDeploymentPostprocessing = 0;
			shellPath = /bin/sh;
			shellScript = "\"${PODS_ROOT}/Target Support Files/Pods-TechnoParkProject-TechnoParkProjectUITests/Pods-TechnoParkProject-TechnoParkProjectUITests-frameworks.sh\"\n";
			showEnvVarsInLog = 0;
		};
		5A00DDD8CCED3C207CD93C30 /* [CP] Check Pods Manifest.lock */ = {
			isa = PBXShellScriptBuildPhase;
			buildActionMask = 2147483647;
			files = (
			);
			inputFileListPaths = (
			);
			inputPaths = (
				"${PODS_PODFILE_DIR_PATH}/Podfile.lock",
				"${PODS_ROOT}/Manifest.lock",
			);
			name = "[CP] Check Pods Manifest.lock";
			outputFileListPaths = (
			);
			outputPaths = (
				"$(DERIVED_FILE_DIR)/Pods-TechnoParkProjectTests-checkManifestLockResult.txt",
			);
			runOnlyForDeploymentPostprocessing = 0;
			shellPath = /bin/sh;
			shellScript = "diff \"${PODS_PODFILE_DIR_PATH}/Podfile.lock\" \"${PODS_ROOT}/Manifest.lock\" > /dev/null\nif [ $? != 0 ] ; then\n    # print error to STDERR\n    echo \"error: The sandbox is not in sync with the Podfile.lock. Run 'pod install' or update your CocoaPods installation.\" >&2\n    exit 1\nfi\n# This output is used by Xcode 'outputs' to avoid re-running this script phase.\necho \"SUCCESS\" > \"${SCRIPT_OUTPUT_FILE_0}\"\n";
			showEnvVarsInLog = 0;
		};
		A551AC3A39F46E1E3F9E4C8C /* [CP] Embed Pods Frameworks */ = {
			isa = PBXShellScriptBuildPhase;
			buildActionMask = 2147483647;
			files = (
			);
			inputFileListPaths = (
				"${PODS_ROOT}/Target Support Files/Pods-TechnoParkProject/Pods-TechnoParkProject-frameworks-${CONFIGURATION}-input-files.xcfilelist",
			);
			name = "[CP] Embed Pods Frameworks";
			outputFileListPaths = (
				"${PODS_ROOT}/Target Support Files/Pods-TechnoParkProject/Pods-TechnoParkProject-frameworks-${CONFIGURATION}-output-files.xcfilelist",
			);
			runOnlyForDeploymentPostprocessing = 0;
			shellPath = /bin/sh;
			shellScript = "\"${PODS_ROOT}/Target Support Files/Pods-TechnoParkProject/Pods-TechnoParkProject-frameworks.sh\"\n";
			showEnvVarsInLog = 0;
		};
		A9652EB84955B61489889BD4 /* [CP] Check Pods Manifest.lock */ = {
			isa = PBXShellScriptBuildPhase;
			buildActionMask = 2147483647;
			files = (
			);
			inputFileListPaths = (
			);
			inputPaths = (
				"${PODS_PODFILE_DIR_PATH}/Podfile.lock",
				"${PODS_ROOT}/Manifest.lock",
			);
			name = "[CP] Check Pods Manifest.lock";
			outputFileListPaths = (
			);
			outputPaths = (
				"$(DERIVED_FILE_DIR)/Pods-TechnoParkProject-checkManifestLockResult.txt",
			);
			runOnlyForDeploymentPostprocessing = 0;
			shellPath = /bin/sh;
			shellScript = "diff \"${PODS_PODFILE_DIR_PATH}/Podfile.lock\" \"${PODS_ROOT}/Manifest.lock\" > /dev/null\nif [ $? != 0 ] ; then\n    # print error to STDERR\n    echo \"error: The sandbox is not in sync with the Podfile.lock. Run 'pod install' or update your CocoaPods installation.\" >&2\n    exit 1\nfi\n# This output is used by Xcode 'outputs' to avoid re-running this script phase.\necho \"SUCCESS\" > \"${SCRIPT_OUTPUT_FILE_0}\"\n";
			showEnvVarsInLog = 0;
		};
		AFB4AA42B54112270268A984 /* [CP] Check Pods Manifest.lock */ = {
			isa = PBXShellScriptBuildPhase;
			buildActionMask = 2147483647;
			files = (
			);
			inputFileListPaths = (
			);
			inputPaths = (
				"${PODS_PODFILE_DIR_PATH}/Podfile.lock",
				"${PODS_ROOT}/Manifest.lock",
			);
			name = "[CP] Check Pods Manifest.lock";
			outputFileListPaths = (
			);
			outputPaths = (
				"$(DERIVED_FILE_DIR)/Pods-TechnoParkProject-TechnoParkProjectUITests-checkManifestLockResult.txt",
			);
			runOnlyForDeploymentPostprocessing = 0;
			shellPath = /bin/sh;
			shellScript = "diff \"${PODS_PODFILE_DIR_PATH}/Podfile.lock\" \"${PODS_ROOT}/Manifest.lock\" > /dev/null\nif [ $? != 0 ] ; then\n    # print error to STDERR\n    echo \"error: The sandbox is not in sync with the Podfile.lock. Run 'pod install' or update your CocoaPods installation.\" >&2\n    exit 1\nfi\n# This output is used by Xcode 'outputs' to avoid re-running this script phase.\necho \"SUCCESS\" > \"${SCRIPT_OUTPUT_FILE_0}\"\n";
			showEnvVarsInLog = 0;
		};
/* End PBXShellScriptBuildPhase section */

/* Begin PBXSourcesBuildPhase section */
		E01D98A6240D79D200ED7212 /* Sources */ = {
			isa = PBXSourcesBuildPhase;
			buildActionMask = 2147483647;
			files = (
				E01D98B2240D79D200ED7212 /* ViewController.swift in Sources */,
				E0DB4FCD2412B73200343CD7 /* EnterButtonStyle.swift in Sources */,
				E084B5172414345100FCA66A /* FavouriteViewController.swift in Sources */,
				E084B5192414346900FCA66A /* HistoryViewController.swift in Sources */,
				E0DB4FD22412B8ED00343CD7 /* LogInViewController.swift in Sources */,
				E01D98AE240D79D200ED7212 /* AppDelegate.swift in Sources */,
				E01D98B0240D79D200ED7212 /* SceneDelegate.swift in Sources */,
				E084B5152414342D00FCA66A /* MainScreenViewController.swift in Sources */,
				E09106A02412FF2200DC455B /* personalPageViewController.swift in Sources */,
				E069CF64241301D50044978C /* SignupAndLoginButtonStyle.swift in Sources */,
				E0DB4FCF2412B8CD00343CD7 /* SignUpViewController.swift in Sources */,
				E09106A22412FFA400DC455B /* styleForTextFields.swift in Sources */,
			);
			runOnlyForDeploymentPostprocessing = 0;
		};
		E01D98BC240D79D300ED7212 /* Sources */ = {
			isa = PBXSourcesBuildPhase;
			buildActionMask = 2147483647;
			files = (
				E01D98C5240D79D300ED7212 /* TechnoParkProjectTests.swift in Sources */,
			);
			runOnlyForDeploymentPostprocessing = 0;
		};
		E01D98C7240D79D300ED7212 /* Sources */ = {
			isa = PBXSourcesBuildPhase;
			buildActionMask = 2147483647;
			files = (
				E01D98D0240D79D300ED7212 /* TechnoParkProjectUITests.swift in Sources */,
			);
			runOnlyForDeploymentPostprocessing = 0;
		};
/* End PBXSourcesBuildPhase section */

/* Begin PBXTargetDependency section */
		E01D98C2240D79D300ED7212 /* PBXTargetDependency */ = {
			isa = PBXTargetDependency;
			target = E01D98A9240D79D200ED7212 /* TechnoParkProject */;
			targetProxy = E01D98C1240D79D300ED7212 /* PBXContainerItemProxy */;
		};
		E01D98CD240D79D300ED7212 /* PBXTargetDependency */ = {
			isa = PBXTargetDependency;
			target = E01D98A9240D79D200ED7212 /* TechnoParkProject */;
			targetProxy = E01D98CC240D79D300ED7212 /* PBXContainerItemProxy */;
		};
/* End PBXTargetDependency section */

/* Begin PBXVariantGroup section */
		E01D98B3240D79D200ED7212 /* Main.storyboard */ = {
			isa = PBXVariantGroup;
			children = (
				E01D98B4240D79D200ED7212 /* Base */,
			);
			name = Main.storyboard;
			sourceTree = "<group>";
		};
		E01D98B8240D79D300ED7212 /* LaunchScreen.storyboard */ = {
			isa = PBXVariantGroup;
			children = (
				E01D98B9240D79D300ED7212 /* Base */,
			);
			name = LaunchScreen.storyboard;
			sourceTree = "<group>";
		};
/* End PBXVariantGroup section */

/* Begin XCBuildConfiguration section */
		E01D98D2240D79D300ED7212 /* Debug */ = {
			isa = XCBuildConfiguration;
			buildSettings = {
				ALWAYS_SEARCH_USER_PATHS = NO;
				CLANG_ANALYZER_NONNULL = YES;
				CLANG_ANALYZER_NUMBER_OBJECT_CONVERSION = YES_AGGRESSIVE;
				CLANG_CXX_LANGUAGE_STANDARD = "gnu++14";
				CLANG_CXX_LIBRARY = "libc++";
				CLANG_ENABLE_MODULES = YES;
				CLANG_ENABLE_OBJC_ARC = YES;
				CLANG_ENABLE_OBJC_WEAK = YES;
				CLANG_WARN_BLOCK_CAPTURE_AUTORELEASING = YES;
				CLANG_WARN_BOOL_CONVERSION = YES;
				CLANG_WARN_COMMA = YES;
				CLANG_WARN_CONSTANT_CONVERSION = YES;
				CLANG_WARN_DEPRECATED_OBJC_IMPLEMENTATIONS = YES;
				CLANG_WARN_DIRECT_OBJC_ISA_USAGE = YES_ERROR;
				CLANG_WARN_DOCUMENTATION_COMMENTS = YES;
				CLANG_WARN_EMPTY_BODY = YES;
				CLANG_WARN_ENUM_CONVERSION = YES;
				CLANG_WARN_INFINITE_RECURSION = YES;
				CLANG_WARN_INT_CONVERSION = YES;
				CLANG_WARN_NON_LITERAL_NULL_CONVERSION = YES;
				CLANG_WARN_OBJC_IMPLICIT_RETAIN_SELF = YES;
				CLANG_WARN_OBJC_LITERAL_CONVERSION = YES;
				CLANG_WARN_OBJC_ROOT_CLASS = YES_ERROR;
				CLANG_WARN_RANGE_LOOP_ANALYSIS = YES;
				CLANG_WARN_STRICT_PROTOTYPES = YES;
				CLANG_WARN_SUSPICIOUS_MOVE = YES;
				CLANG_WARN_UNGUARDED_AVAILABILITY = YES_AGGRESSIVE;
				CLANG_WARN_UNREACHABLE_CODE = YES;
				CLANG_WARN__DUPLICATE_METHOD_MATCH = YES;
				COPY_PHASE_STRIP = NO;
				DEBUG_INFORMATION_FORMAT = dwarf;
				ENABLE_STRICT_OBJC_MSGSEND = YES;
				ENABLE_TESTABILITY = YES;
				GCC_C_LANGUAGE_STANDARD = gnu11;
				GCC_DYNAMIC_NO_PIC = NO;
				GCC_NO_COMMON_BLOCKS = YES;
				GCC_OPTIMIZATION_LEVEL = 0;
				GCC_PREPROCESSOR_DEFINITIONS = (
					"DEBUG=1",
					"$(inherited)",
				);
				GCC_WARN_64_TO_32_BIT_CONVERSION = YES;
				GCC_WARN_ABOUT_RETURN_TYPE = YES_ERROR;
				GCC_WARN_UNDECLARED_SELECTOR = YES;
				GCC_WARN_UNINITIALIZED_AUTOS = YES_AGGRESSIVE;
				GCC_WARN_UNUSED_FUNCTION = YES;
				GCC_WARN_UNUSED_VARIABLE = YES;
				IPHONEOS_DEPLOYMENT_TARGET = 13.2;
				MTL_ENABLE_DEBUG_INFO = INCLUDE_SOURCE;
				MTL_FAST_MATH = YES;
				ONLY_ACTIVE_ARCH = YES;
				SDKROOT = iphoneos;
				SWIFT_ACTIVE_COMPILATION_CONDITIONS = DEBUG;
				SWIFT_OPTIMIZATION_LEVEL = "-Onone";
			};
			name = Debug;
		};
		E01D98D3240D79D300ED7212 /* Release */ = {
			isa = XCBuildConfiguration;
			buildSettings = {
				ALWAYS_SEARCH_USER_PATHS = NO;
				CLANG_ANALYZER_NONNULL = YES;
				CLANG_ANALYZER_NUMBER_OBJECT_CONVERSION = YES_AGGRESSIVE;
				CLANG_CXX_LANGUAGE_STANDARD = "gnu++14";
				CLANG_CXX_LIBRARY = "libc++";
				CLANG_ENABLE_MODULES = YES;
				CLANG_ENABLE_OBJC_ARC = YES;
				CLANG_ENABLE_OBJC_WEAK = YES;
				CLANG_WARN_BLOCK_CAPTURE_AUTORELEASING = YES;
				CLANG_WARN_BOOL_CONVERSION = YES;
				CLANG_WARN_COMMA = YES;
				CLANG_WARN_CONSTANT_CONVERSION = YES;
				CLANG_WARN_DEPRECATED_OBJC_IMPLEMENTATIONS = YES;
				CLANG_WARN_DIRECT_OBJC_ISA_USAGE = YES_ERROR;
				CLANG_WARN_DOCUMENTATION_COMMENTS = YES;
				CLANG_WARN_EMPTY_BODY = YES;
				CLANG_WARN_ENUM_CONVERSION = YES;
				CLANG_WARN_INFINITE_RECURSION = YES;
				CLANG_WARN_INT_CONVERSION = YES;
				CLANG_WARN_NON_LITERAL_NULL_CONVERSION = YES;
				CLANG_WARN_OBJC_IMPLICIT_RETAIN_SELF = YES;
				CLANG_WARN_OBJC_LITERAL_CONVERSION = YES;
				CLANG_WARN_OBJC_ROOT_CLASS = YES_ERROR;
				CLANG_WARN_RANGE_LOOP_ANALYSIS = YES;
				CLANG_WARN_STRICT_PROTOTYPES = YES;
				CLANG_WARN_SUSPICIOUS_MOVE = YES;
				CLANG_WARN_UNGUARDED_AVAILABILITY = YES_AGGRESSIVE;
				CLANG_WARN_UNREACHABLE_CODE = YES;
				CLANG_WARN__DUPLICATE_METHOD_MATCH = YES;
				COPY_PHASE_STRIP = NO;
				DEBUG_INFORMATION_FORMAT = "dwarf-with-dsym";
				ENABLE_NS_ASSERTIONS = NO;
				ENABLE_STRICT_OBJC_MSGSEND = YES;
				GCC_C_LANGUAGE_STANDARD = gnu11;
				GCC_NO_COMMON_BLOCKS = YES;
				GCC_WARN_64_TO_32_BIT_CONVERSION = YES;
				GCC_WARN_ABOUT_RETURN_TYPE = YES_ERROR;
				GCC_WARN_UNDECLARED_SELECTOR = YES;
				GCC_WARN_UNINITIALIZED_AUTOS = YES_AGGRESSIVE;
				GCC_WARN_UNUSED_FUNCTION = YES;
				GCC_WARN_UNUSED_VARIABLE = YES;
				IPHONEOS_DEPLOYMENT_TARGET = 13.2;
				MTL_ENABLE_DEBUG_INFO = NO;
				MTL_FAST_MATH = YES;
				SDKROOT = iphoneos;
				SWIFT_COMPILATION_MODE = wholemodule;
				SWIFT_OPTIMIZATION_LEVEL = "-O";
				VALIDATE_PRODUCT = YES;
			};
			name = Release;
		};
		E01D98D5240D79D300ED7212 /* Debug */ = {
			isa = XCBuildConfiguration;
			baseConfigurationReference = 3E39A513F333BD952B8CC740 /* Pods-TechnoParkProject.debug.xcconfig */;
			buildSettings = {
				ASSETCATALOG_COMPILER_APPICON_NAME = AppIcon;
				CODE_SIGN_STYLE = Automatic;
				DEVELOPMENT_TEAM = Q2UDMR8XH2;
				INFOPLIST_FILE = TechnoParkProject/Info.plist;
				IPHONEOS_DEPLOYMENT_TARGET = 13.0;
				LD_RUNPATH_SEARCH_PATHS = (
					"$(inherited)",
					"@executable_path/Frameworks",
				);
				PRODUCT_BUNDLE_IDENTIFIER = com.Roma.TechnoParkProject;
				PRODUCT_NAME = "$(TARGET_NAME)";
				SWIFT_VERSION = 5.0;
				TARGETED_DEVICE_FAMILY = "1,2";
			};
			name = Debug;
		};
		E01D98D6240D79D300ED7212 /* Release */ = {
			isa = XCBuildConfiguration;
			baseConfigurationReference = 59E7C5547E44902F4102C838 /* Pods-TechnoParkProject.release.xcconfig */;
			buildSettings = {
				ASSETCATALOG_COMPILER_APPICON_NAME = AppIcon;
				CODE_SIGN_STYLE = Automatic;
				DEVELOPMENT_TEAM = Q2UDMR8XH2;
				INFOPLIST_FILE = TechnoParkProject/Info.plist;
				IPHONEOS_DEPLOYMENT_TARGET = 13.0;
				LD_RUNPATH_SEARCH_PATHS = (
					"$(inherited)",
					"@executable_path/Frameworks",
				);
				PRODUCT_BUNDLE_IDENTIFIER = com.Roma.TechnoParkProject;
				PRODUCT_NAME = "$(TARGET_NAME)";
				SWIFT_VERSION = 5.0;
				TARGETED_DEVICE_FAMILY = "1,2";
			};
			name = Release;
		};
		E01D98D8240D79D300ED7212 /* Debug */ = {
			isa = XCBuildConfiguration;
			baseConfigurationReference = 145B41D0BEE7D74773AF8055 /* Pods-TechnoParkProjectTests.debug.xcconfig */;
			buildSettings = {
				ALWAYS_EMBED_SWIFT_STANDARD_LIBRARIES = YES;
				BUNDLE_LOADER = "$(TEST_HOST)";
				CODE_SIGN_STYLE = Automatic;
				DEVELOPMENT_TEAM = Q2UDMR8XH2;
				INFOPLIST_FILE = TechnoParkProjectTests/Info.plist;
				IPHONEOS_DEPLOYMENT_TARGET = 13.2;
				LD_RUNPATH_SEARCH_PATHS = (
					"$(inherited)",
					"@executable_path/Frameworks",
					"@loader_path/Frameworks",
				);
				PRODUCT_BUNDLE_IDENTIFIER = com.Roma.TechnoParkProjectTests;
				PRODUCT_NAME = "$(TARGET_NAME)";
				SWIFT_VERSION = 5.0;
				TARGETED_DEVICE_FAMILY = "1,2";
				TEST_HOST = "$(BUILT_PRODUCTS_DIR)/TechnoParkProject.app/TechnoParkProject";
			};
			name = Debug;
		};
		E01D98D9240D79D300ED7212 /* Release */ = {
			isa = XCBuildConfiguration;
			baseConfigurationReference = C75978FDF8D983A018DE5013 /* Pods-TechnoParkProjectTests.release.xcconfig */;
			buildSettings = {
				ALWAYS_EMBED_SWIFT_STANDARD_LIBRARIES = YES;
				BUNDLE_LOADER = "$(TEST_HOST)";
				CODE_SIGN_STYLE = Automatic;
				DEVELOPMENT_TEAM = Q2UDMR8XH2;
				INFOPLIST_FILE = TechnoParkProjectTests/Info.plist;
				IPHONEOS_DEPLOYMENT_TARGET = 13.2;
				LD_RUNPATH_SEARCH_PATHS = (
					"$(inherited)",
					"@executable_path/Frameworks",
					"@loader_path/Frameworks",
				);
				PRODUCT_BUNDLE_IDENTIFIER = com.Roma.TechnoParkProjectTests;
				PRODUCT_NAME = "$(TARGET_NAME)";
				SWIFT_VERSION = 5.0;
				TARGETED_DEVICE_FAMILY = "1,2";
				TEST_HOST = "$(BUILT_PRODUCTS_DIR)/TechnoParkProject.app/TechnoParkProject";
			};
			name = Release;
		};
		E01D98DB240D79D300ED7212 /* Debug */ = {
			isa = XCBuildConfiguration;
			baseConfigurationReference = A9FD7CFC0DFAEC1FB56CAA70 /* Pods-TechnoParkProject-TechnoParkProjectUITests.debug.xcconfig */;
			buildSettings = {
				ALWAYS_EMBED_SWIFT_STANDARD_LIBRARIES = YES;
				CODE_SIGN_STYLE = Automatic;
				DEVELOPMENT_TEAM = Q2UDMR8XH2;
				INFOPLIST_FILE = TechnoParkProjectUITests/Info.plist;
				LD_RUNPATH_SEARCH_PATHS = (
					"$(inherited)",
					"@executable_path/Frameworks",
					"@loader_path/Frameworks",
				);
				PRODUCT_BUNDLE_IDENTIFIER = com.Roma.TechnoParkProjectUITests;
				PRODUCT_NAME = "$(TARGET_NAME)";
				SWIFT_VERSION = 5.0;
				TARGETED_DEVICE_FAMILY = "1,2";
				TEST_TARGET_NAME = TechnoParkProject;
			};
			name = Debug;
		};
		E01D98DC240D79D300ED7212 /* Release */ = {
			isa = XCBuildConfiguration;
			baseConfigurationReference = 1B9F13E1B47C740D43123515 /* Pods-TechnoParkProject-TechnoParkProjectUITests.release.xcconfig */;
			buildSettings = {
				ALWAYS_EMBED_SWIFT_STANDARD_LIBRARIES = YES;
				CODE_SIGN_STYLE = Automatic;
				DEVELOPMENT_TEAM = Q2UDMR8XH2;
				INFOPLIST_FILE = TechnoParkProjectUITests/Info.plist;
				LD_RUNPATH_SEARCH_PATHS = (
					"$(inherited)",
					"@executable_path/Frameworks",
					"@loader_path/Frameworks",
				);
				PRODUCT_BUNDLE_IDENTIFIER = com.Roma.TechnoParkProjectUITests;
				PRODUCT_NAME = "$(TARGET_NAME)";
				SWIFT_VERSION = 5.0;
				TARGETED_DEVICE_FAMILY = "1,2";
				TEST_TARGET_NAME = TechnoParkProject;
			};
			name = Release;
		};
/* End XCBuildConfiguration section */

/* Begin XCConfigurationList section */
		E01D98A5240D79D200ED7212 /* Build configuration list for PBXProject "TechnoParkProject" */ = {
			isa = XCConfigurationList;
			buildConfigurations = (
				E01D98D2240D79D300ED7212 /* Debug */,
				E01D98D3240D79D300ED7212 /* Release */,
			);
			defaultConfigurationIsVisible = 0;
			defaultConfigurationName = Release;
		};
		E01D98D4240D79D300ED7212 /* Build configuration list for PBXNativeTarget "TechnoParkProject" */ = {
			isa = XCConfigurationList;
			buildConfigurations = (
				E01D98D5240D79D300ED7212 /* Debug */,
				E01D98D6240D79D300ED7212 /* Release */,
			);
			defaultConfigurationIsVisible = 0;
			defaultConfigurationName = Release;
		};
		E01D98D7240D79D300ED7212 /* Build configuration list for PBXNativeTarget "TechnoParkProjectTests" */ = {
			isa = XCConfigurationList;
			buildConfigurations = (
				E01D98D8240D79D300ED7212 /* Debug */,
				E01D98D9240D79D300ED7212 /* Release */,
			);
			defaultConfigurationIsVisible = 0;
			defaultConfigurationName = Release;
		};
		E01D98DA240D79D300ED7212 /* Build configuration list for PBXNativeTarget "TechnoParkProjectUITests" */ = {
			isa = XCConfigurationList;
			buildConfigurations = (
				E01D98DB240D79D300ED7212 /* Debug */,
				E01D98DC240D79D300ED7212 /* Release */,
			);
			defaultConfigurationIsVisible = 0;
			defaultConfigurationName = Release;
		};
/* End XCConfigurationList section */
	};
	rootObject = E01D98A2240D79D200ED7212 /* Project object */;
}
